
Microsoft Visual Studio Solution File, Format Version 12.00
# Visual Studio Version 16
VisualStudioVersion = 16.0.32510.428
MinimumVisualStudioVersion = 10.0.40219.1
Project("{FAE04EC0-301F-11D3-BF4B-00C04F79EFBC}") = "BaseDemo", "BaseDemo\BaseDemo.csproj", "{DC2CC36B-D52B-4F8F-ABB0-C6F7DBA72E26}"
EndProject
Project("{FAE04EC0-301F-11D3-BF4B-00C04F79EFBC}") = "Models", "Models\Models.csproj", "{A779BAD6-CF1E-4241-AF6F-3CD714EBBA7D}"
EndProject
Project("{FAE04EC0-301F-11D3-BF4B-00C04F79EFBC}") = "BaseDAL", "BaseDAL\BaseDAL.csproj", "{63448313-527E-4E89-9BE2-CFB98F84075E}"
EndProject
Project("{FAE04EC0-301F-11D3-BF4B-00C04F79EFBC}") = "BaseBLL", "BaseBLL\BaseBLL.csproj", "{7919F5A3-A216-41ED-87A6-1A3607B18537}"
EndProject
Project("{FAE04EC0-301F-11D3-BF4B-00C04F79EFBC}") = "HKING.Log4Net", "..\HKING.Log4Net\HKING.Log4Net.csproj", "{DD02D3D1-193E-46B0-AC58-6A0581DEE42A}"
EndProject
Project("{2150E333-8FDC-42A3-9474-1A3956D46DE8}") = "HKING", "HKING", "{D9F06DFC-F00D-4AF2-90E7-6FF6A59CD83F}"
EndProject
Project("{FAE04EC0-301F-11D3-BF4B-00C04F79EFBC}") = "HKING.Json", "..\HKING.Json\HKING.Json.csproj", "{B342F5B3-389A-4BBA-9A6A-2DA64C6D3E08}"
EndProject
Project("{FAE04EC0-301F-11D3-BF4B-00C04F79EFBC}") = "HKING.EF", "..\HKING.EF\HKING.EF.csproj", "{EFE0DC06-5EE8-4223-92A1-7A521C0EF70B}"
EndProject
Project("{FAE04EC0-301F-11D3-BF4B-00C04F79EFBC}") = "HKING.CSV", "..\HKING.CSV\HKING.CSV.csproj", "{C2BEC321-9942-47B7-A7C2-B94FFD71A01F}"
EndProject
Global
	GlobalSection(SolutionConfigurationPlatforms) = preSolution
		Debug|Any CPU = Debug|Any CPU
		Debug|x64 = Debug|x64
		Release|Any CPU = Release|Any CPU
		Release|x64 = Release|x64
	EndGlobalSection
	GlobalSection(ProjectConfigurationPlatforms) = postSolution
		{DC2CC36B-D52B-4F8F-ABB0-C6F7DBA72E26}.Debug|Any CPU.ActiveCfg = Debug|Any CPU
		{DC2CC36B-D52B-4F8F-ABB0-C6F7DBA72E26}.Debug|Any CPU.Build.0 = Debug|Any CPU
		{DC2CC36B-D52B-4F8F-ABB0-C6F7DBA72E26}.Debug|x64.ActiveCfg = Debug|x64
		{DC2CC36B-D52B-4F8F-ABB0-C6F7DBA72E26}.Debug|x64.Build.0 = Debug|x64
		{DC2CC36B-D52B-4F8F-ABB0-C6F7DBA72E26}.Release|Any CPU.ActiveCfg = Release|Any CPU
		{DC2CC36B-D52B-4F8F-ABB0-C6F7DBA72E26}.Release|Any CPU.Build.0 = Release|Any CPU
		{DC2CC36B-D52B-4F8F-ABB0-C6F7DBA72E26}.Release|x64.ActiveCfg = Release|x64
		{DC2CC36B-D52B-4F8F-ABB0-C6F7DBA72E26}.Release|x64.Build.0 = Release|x64
		{A779BAD6-CF1E-4241-AF6F-3CD714EBBA7D}.Debug|Any CPU.ActiveCfg = Debug|Any CPU
		{A779BAD6-CF1E-4241-AF6F-3CD714EBBA7D}.Debug|Any CPU.Build.0 = Debug|Any CPU
		{A779BAD6-CF1E-4241-AF6F-3CD714EBBA7D}.Debug|x64.ActiveCfg = Debug|x64
		{A779BAD6-CF1E-4241-AF6F-3CD714EBBA7D}.Debug|x64.Build.0 = Debug|x64
		{A779BAD6-CF1E-4241-AF6F-3CD714EBBA7D}.Release|Any CPU.ActiveCfg = Release|Any CPU
		{A779BAD6-CF1E-4241-AF6F-3CD714EBBA7D}.Release|Any CPU.Build.0 = Release|Any CPU
		{A779BAD6-CF1E-4241-AF6F-3CD714EBBA7D}.Release|x64.ActiveCfg = Release|x64
		{A779BAD6-CF1E-4241-AF6F-3CD714EBBA7D}.Release|x64.Build.0 = Release|x64
		{63448313-527E-4E89-9BE2-CFB98F84075E}.Debug|Any CPU.ActiveCfg = Debug|Any CPU
		{63448313-527E-4E89-9BE2-CFB98F84075E}.Debug|Any CPU.Build.0 = Debug|Any CPU
		{63448313-527E-4E89-9BE2-CFB98F84075E}.Debug|x64.ActiveCfg = Debug|x64
		{63448313-527E-4E89-9BE2-CFB98F84075E}.Debug|x64.Build.0 = Debug|x64
		{63448313-527E-4E89-9BE2-CFB98F84075E}.Release|Any CPU.ActiveCfg = Release|Any CPU
		{63448313-527E-4E89-9BE2-CFB98F84075E}.Release|Any CPU.Build.0 = Release|Any CPU
		{63448313-527E-4E89-9BE2-CFB98F84075E}.Release|x64.ActiveCfg = Release|x64
		{63448313-527E-4E89-9BE2-CFB98F84075E}.Release|x64.Build.0 = Release|x64
		{7919F5A3-A216-41ED-87A6-1A3607B18537}.Debug|Any CPU.ActiveCfg = Debug|Any CPU
		{7919F5A3-A216-41ED-87A6-1A3607B18537}.Debug|Any CPU.Build.0 = Debug|Any CPU
		{7919F5A3-A216-41ED-87A6-1A3607B18537}.Debug|x64.ActiveCfg = Debug|x64
		{7919F5A3-A216-41ED-87A6-1A3607B18537}.Debug|x64.Build.0 = Debug|x64
		{7919F5A3-A216-41ED-87A6-1A3607B18537}.Release|Any CPU.ActiveCfg = Release|Any CPU
		{7919F5A3-A216-41ED-87A6-1A3607B18537}.Release|Any CPU.Build.0 = Release|Any CPU
		{7919F5A3-A216-41ED-87A6-1A3607B18537}.Release|x64.ActiveCfg = Release|x64
		{7919F5A3-A216-41ED-87A6-1A3607B18537}.Release|x64.Build.0 = Release|x64
		{DD02D3D1-193E-46B0-AC58-6A0581DEE42A}.Debug|Any CPU.ActiveCfg = Debug|Any CPU
		{DD02D3D1-193E-46B0-AC58-6A0581DEE42A}.Debug|Any CPU.Build.0 = Debug|Any CPU
		{DD02D3D1-193E-46B0-AC58-6A0581DEE42A}.Debug|x64.ActiveCfg = Debug|Any CPU
		{DD02D3D1-193E-46B0-AC58-6A0581DEE42A}.Debug|x64.Build.0 = Debug|Any CPU
		{DD02D3D1-193E-46B0-AC58-6A0581DEE42A}.Release|Any CPU.ActiveCfg = Release|Any CPU
		{DD02D3D1-193E-46B0-AC58-6A0581DEE42A}.Release|Any CPU.Build.0 = Release|Any CPU
		{DD02D3D1-193E-46B0-AC58-6A0581DEE42A}.Release|x64.ActiveCfg = Release|Any CPU
		{DD02D3D1-193E-46B0-AC58-6A0581DEE42A}.Release|x64.Build.0 = Release|Any CPU
		{B342F5B3-389A-4BBA-9A6A-2DA64C6D3E08}.Debug|Any CPU.ActiveCfg = Debug|Any CPU
		{B342F5B3-389A-4BBA-9A6A-2DA64C6D3E08}.Debug|Any CPU.Build.0 = Debug|Any CPU
		{B342F5B3-389A-4BBA-9A6A-2DA64C6D3E08}.Debug|x64.ActiveCfg = Debug|Any CPU
		{B342F5B3-389A-4BBA-9A6A-2DA64C6D3E08}.Debug|x64.Build.0 = Debug|Any CPU
		{B342F5B3-389A-4BBA-9A6A-2DA64C6D3E08}.Release|Any CPU.ActiveCfg = Release|Any CPU
		{B342F5B3-389A-4BBA-9A6A-2DA64C6D3E08}.Release|Any CPU.Build.0 = Release|Any CPU
		{B342F5B3-389A-4BBA-9A6A-2DA64C6D3E08}.Release|x64.ActiveCfg = Release|Any CPU
		{B342F5B3-389A-4BBA-9A6A-2DA64C6D3E08}.Release|x64.Build.0 = Release|Any CPU
		{EFE0DC06-5EE8-4223-92A1-7A521C0EF70B}.Debug|Any CPU.ActiveCfg = Debug|Any CPU
		{EFE0DC06-5EE8-4223-92A1-7A521C0EF70B}.Debug|Any CPU.Build.0 = Debug|Any CPU
		{EFE0DC06-5EE8-4223-92A1-7A521C0EF70B}.Debug|x64.ActiveCfg = Debug|Any CPU
		{EFE0DC06-5EE8-4223-92A1-7A521C0EF70B}.Debug|x64.Build.0 = Debug|Any CPU
		{EFE0DC06-5EE8-4223-92A1-7A521C0EF70B}.Release|Any CPU.ActiveCfg = Release|Any CPU
		{EFE0DC06-5EE8-4223-92A1-7A521C0EF70B}.Release|Any CPU.Build.0 = Release|Any CPU
		{EFE0DC06-5EE8-4223-92A1-7A521C0EF70B}.Release|x64.ActiveCfg = Release|Any CPU
		{EFE0DC06-5EE8-4223-92A1-7A521C0EF70B}.Release|x64.Build.0 = Release|Any CPU
		{C2BEC321-9942-47B7-A7C2-B94FFD71A01F}.Debug|Any CPU.ActiveCfg = Debug|Any CPU
		{C2BEC321-9942-47B7-A7C2-B94FFD71A01F}.Debug|Any CPU.Build.0 = Debug|Any CPU
		{C2BEC321-9942-47B7-A7C2-B94FFD71A01F}.Debug|x64.ActiveCfg = Debug|Any CPU
		{C2BEC321-9942-47B7-A7C2-B94FFD71A01F}.Debug|x64.Build.0 = Debug|Any CPU
		{C2BEC321-9942-47B7-A7C2-B94FFD71A01F}.Release|Any CPU.ActiveCfg = Release|Any CPU
		{C2BEC321-9942-47B7-A7C2-B94FFD71A01F}.Release|Any CPU.Build.0 = Release|Any CPU
		{C2BEC321-9942-47B7-A7C2-B94FFD71A01F}.Release|x64.ActiveCfg = Release|Any CPU
		{C2BEC321-9942-47B7-A7C2-B94FFD71A01F}.Release|x64.Build.0 = Release|Any CPU
	EndGlobalSection
	GlobalSection(SolutionProperties) = preSolution
		HideSolutionNode = FALSE
	EndGlobalSection
	GlobalSection(NestedProjects) = preSolution
		{DD02D3D1-193E-46B0-AC58-6A0581DEE42A} = {D9F06DFC-F00D-4AF2-90E7-6FF6A59CD83F}
		{B342F5B3-389A-4BBA-9A6A-2DA64C6D3E08} = {D9F06DFC-F00D-4AF2-90E7-6FF6A59CD83F}
		{EFE0DC06-5EE8-4223-92A1-7A521C0EF70B} = {D9F06DFC-F00D-4AF2-90E7-6FF6A59CD83F}
	EndGlobalSection
	GlobalSection(ExtensibilityGlobals) = postSolution
		SolutionGuid = {82B677FD-501B-474E-B8BC-818A912A0B5C}
	EndGlobalSection
EndGlobal
